
Microsoft Visual Studio Solution File, Format Version 12.00
# Visual Studio Version 17
VisualStudioVersion = 17.10.34928.147
MinimumVisualStudioVersion = 10.0.40219.1
Project("{FAE04EC0-301F-11D3-BF4B-00C04F79EFBC}") = "Labb11Ball", "Labb11Ball\Labb11Ball.csproj", "{CC1BC73F-D531-45B3-B248-42E398442C28}"
EndProject
Project("{FAE04EC0-301F-11D3-BF4B-00C04F79EFBC}") = "calculator", "calculator\calculator.csproj", "{DF7A7B36-9D64-4D19-948B-C6E5BDA78EA0}"
EndProject
Global
	GlobalSection(SolutionConfigurationPlatforms) = preSolution
		Debug|Any CPU = Debug|Any CPU
		Release|Any CPU = Release|Any CPU
	EndGlobalSection
	GlobalSection(ProjectConfigurationPlatforms) = postSolution
		{CC1BC73F-D531-45B3-B248-42E398442C28}.Debug|Any CPU.ActiveCfg = Debug|Any CPU
		{CC1BC73F-D531-45B3-B248-42E398442C28}.Debug|Any CPU.Build.0 = Debug|Any CPU
		{CC1BC73F-D531-45B3-B248-42E398442C28}.Release|Any CPU.ActiveCfg = Release|Any CPU
		{CC1BC73F-D531-45B3-B248-42E398442C28}.Release|Any CPU.Build.0 = Release|Any CPU
		{DF7A7B36-9D64-4D19-948B-C6E5BDA78EA0}.Debug|Any CPU.ActiveCfg = Debug|Any CPU
		{DF7A7B36-9D64-4D19-948B-C6E5BDA78EA0}.Debug|Any CPU.Build.0 = Debug|Any CPU
		{DF7A7B36-9D64-4D19-948B-C6E5BDA78EA0}.Release|Any CPU.ActiveCfg = Release|Any CPU
		{DF7A7B36-9D64-4D19-948B-C6E5BDA78EA0}.Release|Any CPU.Build.0 = Release|Any CPU
	EndGlobalSection
	GlobalSection(SolutionProperties) = preSolution
		HideSolutionNode = FALSE
	EndGlobalSection
	GlobalSection(ExtensibilityGlobals) = postSolution
		SolutionGuid = {764C46B1-C5B9-4D17-ABED-A5B8A905B94F}
	EndGlobalSection
EndGlobal
